
Microsoft Visual Studio Solution File, Format Version 12.00
# Visual Studio Version 17
VisualStudioVersion = 17.8.34601.278
MinimumVisualStudioVersion = 10.0.40219.1
Project("{FAE04EC0-301F-11D3-BF4B-00C04F79EFBC}") = "DesignPatterns.Core.ApplicationService", "DesignPatterns.Architecture\src\1.Core\DesignPatterns.Core.ApplicationService\DesignPatterns.Core.ApplicationService.csproj", "{20794ED3-1A94-4992-AF01-8D5410C78EE5}"
EndProject
Project("{FAE04EC0-301F-11D3-BF4B-00C04F79EFBC}") = "DesignPatterns.Core.Contracts", "DesignPatterns.Architecture\src\1.Core\DesignPatterns.Core.Contracts\DesignPatterns.Core.Contracts.csproj", "{74B193F4-FDFC-45D1-A58B-20EDC9D1CCB3}"
EndProject
Project("{FAE04EC0-301F-11D3-BF4B-00C04F79EFBC}") = "DesignPatterns.Core.Domain", "DesignPatterns.Architecture\src\1.Core\DesignPatterns.Core.Domain\DesignPatterns.Core.Domain.csproj", "{AAEAE627-228E-40F0-8920-9C4319F5D3E1}"
EndProject
Project("{FAE04EC0-301F-11D3-BF4B-00C04F79EFBC}") = "DesignPatterns.Core.RequestResponse", "DesignPatterns.Architecture\src\1.Core\DesignPatterns.Core.RequestResponse\DesignPatterns.Core.RequestResponse.csproj", "{3CE13A21-31A7-427A-A030-02DD6A5F89EC}"
EndProject
Project("{FAE04EC0-301F-11D3-BF4B-00C04F79EFBC}") = "DesignPatterns.Infra.Data.Sql.Commands", "DesignPatterns.Architecture\src\2.Infra\Data\DesignPatterns.Infra.Data.Sql.Commands\DesignPatterns.Infra.Data.Sql.Commands.csproj", "{2AF10B3D-1728-4370-AF0E-22C2C9BA5CA2}"
EndProject
Project("{FAE04EC0-301F-11D3-BF4B-00C04F79EFBC}") = "DesignPatterns.Infra.Data.Sql.Queries", "DesignPatterns.Architecture\src\2.Infra\Data\DesignPatterns.Infra.Data.Sql.Queries\DesignPatterns.Infra.Data.Sql.Queries.csproj", "{882D5CE6-9FF8-41AB-A540-702E21721BC7}"
EndProject
Project("{FAE04EC0-301F-11D3-BF4B-00C04F79EFBC}") = "DesignPatterns.Endpoints.API", "DesignPatterns.Architecture\src\3.Endpoints\DesignPatterns.Endpoints.API\DesignPatterns.Endpoints.API.csproj", "{10684804-9E5A-4102-A9BB-E8DDEAD06F17}"
EndProject
Project("{2150E333-8FDC-42A3-9474-1A3956D46DE8}") = "src", "src", "{5F57895B-9871-48AC-BFD1-FA2868B5C021}"
EndProject
Project("{2150E333-8FDC-42A3-9474-1A3956D46DE8}") = "test", "test", "{EE7B32D8-29B7-44DD-9161-F1704BA0CA81}"
EndProject
Project("{2150E333-8FDC-42A3-9474-1A3956D46DE8}") = "01.Utilities", "01.Utilities", "{53762A0E-EC3E-4988-8FCF-F27B5E8BE50A}"
EndProject
Project("{2150E333-8FDC-42A3-9474-1A3956D46DE8}") = "02.Core", "02.Core", "{62D95D86-CEE5-4253-9BA6-2F595636A58B}"
EndProject
Project("{2150E333-8FDC-42A3-9474-1A3956D46DE8}") = "03.Infra", "03.Infra", "{55B50C7C-1E69-4D97-90F9-8D72344B8543}"
EndProject
Project("{2150E333-8FDC-42A3-9474-1A3956D46DE8}") = "04.Endpoints", "04.Endpoints", "{4E5FE9B9-2607-47D9-976D-617540C44CF0}"
EndProject
Project("{FAE04EC0-301F-11D3-BF4B-00C04F79EFBC}") = "DesignPatterns.Utilities", "DesignPatterns.Utilities\DesignPatterns.Utilities.csproj", "{34B6C471-0BB3-4CDB-8CD2-3F5A009944F1}"
EndProject
Project("{2150E333-8FDC-42A3-9474-1A3956D46DE8}") = "Data", "Data", "{4F0DC903-3220-4232-BC80-6BDBE379CAF9}"
EndProject
Project("{2150E333-8FDC-42A3-9474-1A3956D46DE8}") = "Tools", "Tools", "{3746BA63-BCFC-4175-AF83-CA91FE5C2FC4}"
EndProject
Project("{FAE04EC0-301F-11D3-BF4B-00C04F79EFBC}") = "DesignPatterns.Infra.Tools.AutoMappers", "DesignPatterns.Infra.Tools.AutoMappers\DesignPatterns.Infra.Tools.AutoMappers.csproj", "{623861A9-A660-460C-A1EF-68237E8B8CA4}"
EndProject
Project("{FAE04EC0-301F-11D3-BF4B-00C04F79EFBC}") = "DesignPatterns.Test", "DesignPatterns.Test\DesignPatterns.Test.csproj", "{C2500082-777A-4C41-9397-C84D5FA23D35}"
EndProject
Global
	GlobalSection(SolutionConfigurationPlatforms) = preSolution
		Debug|Any CPU = Debug|Any CPU
		Release|Any CPU = Release|Any CPU
	EndGlobalSection
	GlobalSection(ProjectConfigurationPlatforms) = postSolution
		{20794ED3-1A94-4992-AF01-8D5410C78EE5}.Debug|Any CPU.ActiveCfg = Debug|Any CPU
		{20794ED3-1A94-4992-AF01-8D5410C78EE5}.Debug|Any CPU.Build.0 = Debug|Any CPU
		{20794ED3-1A94-4992-AF01-8D5410C78EE5}.Release|Any CPU.ActiveCfg = Release|Any CPU
		{20794ED3-1A94-4992-AF01-8D5410C78EE5}.Release|Any CPU.Build.0 = Release|Any CPU
		{74B193F4-FDFC-45D1-A58B-20EDC9D1CCB3}.Debug|Any CPU.ActiveCfg = Debug|Any CPU
		{74B193F4-FDFC-45D1-A58B-20EDC9D1CCB3}.Debug|Any CPU.Build.0 = Debug|Any CPU
		{74B193F4-FDFC-45D1-A58B-20EDC9D1CCB3}.Release|Any CPU.ActiveCfg = Release|Any CPU
		{74B193F4-FDFC-45D1-A58B-20EDC9D1CCB3}.Release|Any CPU.Build.0 = Release|Any CPU
		{AAEAE627-228E-40F0-8920-9C4319F5D3E1}.Debug|Any CPU.ActiveCfg = Debug|Any CPU
		{AAEAE627-228E-40F0-8920-9C4319F5D3E1}.Debug|Any CPU.Build.0 = Debug|Any CPU
		{AAEAE627-228E-40F0-8920-9C4319F5D3E1}.Release|Any CPU.ActiveCfg = Release|Any CPU
		{AAEAE627-228E-40F0-8920-9C4319F5D3E1}.Release|Any CPU.Build.0 = Release|Any CPU
		{3CE13A21-31A7-427A-A030-02DD6A5F89EC}.Debug|Any CPU.ActiveCfg = Debug|Any CPU
		{3CE13A21-31A7-427A-A030-02DD6A5F89EC}.Debug|Any CPU.Build.0 = Debug|Any CPU
		{3CE13A21-31A7-427A-A030-02DD6A5F89EC}.Release|Any CPU.ActiveCfg = Release|Any CPU
		{3CE13A21-31A7-427A-A030-02DD6A5F89EC}.Release|Any CPU.Build.0 = Release|Any CPU
		{2AF10B3D-1728-4370-AF0E-22C2C9BA5CA2}.Debug|Any CPU.ActiveCfg = Debug|Any CPU
		{2AF10B3D-1728-4370-AF0E-22C2C9BA5CA2}.Debug|Any CPU.Build.0 = Debug|Any CPU
		{2AF10B3D-1728-4370-AF0E-22C2C9BA5CA2}.Release|Any CPU.ActiveCfg = Release|Any CPU
		{2AF10B3D-1728-4370-AF0E-22C2C9BA5CA2}.Release|Any CPU.Build.0 = Release|Any CPU
		{882D5CE6-9FF8-41AB-A540-702E21721BC7}.Debug|Any CPU.ActiveCfg = Debug|Any CPU
		{882D5CE6-9FF8-41AB-A540-702E21721BC7}.Debug|Any CPU.Build.0 = Debug|Any CPU
		{882D5CE6-9FF8-41AB-A540-702E21721BC7}.Release|Any CPU.ActiveCfg = Release|Any CPU
		{882D5CE6-9FF8-41AB-A540-702E21721BC7}.Release|Any CPU.Build.0 = Release|Any CPU
		{10684804-9E5A-4102-A9BB-E8DDEAD06F17}.Debug|Any CPU.ActiveCfg = Debug|Any CPU
		{10684804-9E5A-4102-A9BB-E8DDEAD06F17}.Debug|Any CPU.Build.0 = Debug|Any CPU
		{10684804-9E5A-4102-A9BB-E8DDEAD06F17}.Release|Any CPU.ActiveCfg = Release|Any CPU
		{10684804-9E5A-4102-A9BB-E8DDEAD06F17}.Release|Any CPU.Build.0 = Release|Any CPU
		{34B6C471-0BB3-4CDB-8CD2-3F5A009944F1}.Debug|Any CPU.ActiveCfg = Debug|Any CPU
		{34B6C471-0BB3-4CDB-8CD2-3F5A009944F1}.Debug|Any CPU.Build.0 = Debug|Any CPU
		{34B6C471-0BB3-4CDB-8CD2-3F5A009944F1}.Release|Any CPU.ActiveCfg = Release|Any CPU
		{34B6C471-0BB3-4CDB-8CD2-3F5A009944F1}.Release|Any CPU.Build.0 = Release|Any CPU
		{623861A9-A660-460C-A1EF-68237E8B8CA4}.Debug|Any CPU.ActiveCfg = Debug|Any CPU
		{623861A9-A660-460C-A1EF-68237E8B8CA4}.Debug|Any CPU.Build.0 = Debug|Any CPU
		{623861A9-A660-460C-A1EF-68237E8B8CA4}.Release|Any CPU.ActiveCfg = Release|Any CPU
		{623861A9-A660-460C-A1EF-68237E8B8CA4}.Release|Any CPU.Build.0 = Release|Any CPU
		{C2500082-777A-4C41-9397-C84D5FA23D35}.Debug|Any CPU.ActiveCfg = Debug|Any CPU
		{C2500082-777A-4C41-9397-C84D5FA23D35}.Debug|Any CPU.Build.0 = Debug|Any CPU
		{C2500082-777A-4C41-9397-C84D5FA23D35}.Release|Any CPU.ActiveCfg = Release|Any CPU
		{C2500082-777A-4C41-9397-C84D5FA23D35}.Release|Any CPU.Build.0 = Release|Any CPU
	EndGlobalSection
	GlobalSection(SolutionProperties) = preSolution
		HideSolutionNode = FALSE
	EndGlobalSection
	GlobalSection(NestedProjects) = preSolution
		{20794ED3-1A94-4992-AF01-8D5410C78EE5} = {62D95D86-CEE5-4253-9BA6-2F595636A58B}
		{74B193F4-FDFC-45D1-A58B-20EDC9D1CCB3} = {62D95D86-CEE5-4253-9BA6-2F595636A58B}
		{AAEAE627-228E-40F0-8920-9C4319F5D3E1} = {62D95D86-CEE5-4253-9BA6-2F595636A58B}
		{3CE13A21-31A7-427A-A030-02DD6A5F89EC} = {62D95D86-CEE5-4253-9BA6-2F595636A58B}
		{2AF10B3D-1728-4370-AF0E-22C2C9BA5CA2} = {4F0DC903-3220-4232-BC80-6BDBE379CAF9}
		{882D5CE6-9FF8-41AB-A540-702E21721BC7} = {4F0DC903-3220-4232-BC80-6BDBE379CAF9}
		{10684804-9E5A-4102-A9BB-E8DDEAD06F17} = {4E5FE9B9-2607-47D9-976D-617540C44CF0}
		{53762A0E-EC3E-4988-8FCF-F27B5E8BE50A} = {5F57895B-9871-48AC-BFD1-FA2868B5C021}
		{62D95D86-CEE5-4253-9BA6-2F595636A58B} = {5F57895B-9871-48AC-BFD1-FA2868B5C021}
		{55B50C7C-1E69-4D97-90F9-8D72344B8543} = {5F57895B-9871-48AC-BFD1-FA2868B5C021}
		{4E5FE9B9-2607-47D9-976D-617540C44CF0} = {5F57895B-9871-48AC-BFD1-FA2868B5C021}
		{34B6C471-0BB3-4CDB-8CD2-3F5A009944F1} = {53762A0E-EC3E-4988-8FCF-F27B5E8BE50A}
		{4F0DC903-3220-4232-BC80-6BDBE379CAF9} = {55B50C7C-1E69-4D97-90F9-8D72344B8543}
		{3746BA63-BCFC-4175-AF83-CA91FE5C2FC4} = {55B50C7C-1E69-4D97-90F9-8D72344B8543}
		{623861A9-A660-460C-A1EF-68237E8B8CA4} = {3746BA63-BCFC-4175-AF83-CA91FE5C2FC4}
		{C2500082-777A-4C41-9397-C84D5FA23D35} = {EE7B32D8-29B7-44DD-9161-F1704BA0CA81}
	EndGlobalSection
	GlobalSection(ExtensibilityGlobals) = postSolution
		SolutionGuid = {8E5FCC35-4E0D-4BC2-A0B9-295527205173}
	EndGlobalSection
EndGlobal
